
Microsoft Visual Studio Solution File, Format Version 12.00
# Visual Studio 14
VisualStudioVersion = 14.0.24720.0
MinimumVisualStudioVersion = 10.0.40219.1
Project("{FAE04EC0-301F-11D3-BF4B-00C04F79EFBC}") = "Markdig.Extensions.ScriptCs", "Markdig.Extensions.ScriptCs\Markdig.Extensions.ScriptCs.csproj", "{427F33E4-28A8-46DB-96A1-5CC3028A5321}"
EndProject
Project("{FAE04EC0-301F-11D3-BF4B-00C04F79EFBC}") = "Markdig.Extensions.ScriptCs.ConsoleApp", "Markdig.Extensions.ScriptCs.ConsoleApp\Markdig.Extensions.ScriptCs.ConsoleApp.csproj", "{14454E3C-BDBE-418C-A60B-C05DF882D85C}"
EndProject
Global
	GlobalSection(SolutionConfigurationPlatforms) = preSolution
		Debug|Any CPU = Debug|Any CPU
		Release|Any CPU = Release|Any CPU
	EndGlobalSection
	GlobalSection(ProjectConfigurationPlatforms) = postSolution
		{427F33E4-28A8-46DB-96A1-5CC3028A5321}.Debug|Any CPU.ActiveCfg = Debug|Any CPU
		{427F33E4-28A8-46DB-96A1-5CC3028A5321}.Debug|Any CPU.Build.0 = Debug|Any CPU
		{427F33E4-28A8-46DB-96A1-5CC3028A5321}.Release|Any CPU.ActiveCfg = Release|Any CPU
		{427F33E4-28A8-46DB-96A1-5CC3028A5321}.Release|Any CPU.Build.0 = Release|Any CPU
		{14454E3C-BDBE-418C-A60B-C05DF882D85C}.Debug|Any CPU.ActiveCfg = Debug|Any CPU
		{14454E3C-BDBE-418C-A60B-C05DF882D85C}.Debug|Any CPU.Build.0 = Debug|Any CPU
		{14454E3C-BDBE-418C-A60B-C05DF882D85C}.Release|Any CPU.ActiveCfg = Release|Any CPU
		{14454E3C-BDBE-418C-A60B-C05DF882D85C}.Release|Any CPU.Build.0 = Release|Any CPU
	EndGlobalSection
	GlobalSection(SolutionProperties) = preSolution
		HideSolutionNode = FALSE
	EndGlobalSection
EndGlobal
